
Microsoft Visual Studio Solution File, Format Version 12.00
# Visual Studio 14
VisualStudioVersion = 14.0.23107.0
MinimumVisualStudioVersion = 10.0.40219.1
Project("{FAE04EC0-301F-11D3-BF4B-00C04F79EFBC}") = "Suplanus.Sepla", "Suplanus.Sepla\Suplanus.Sepla.csproj", "{A3AC82B1-6EA9-4127-80C8-0E09C49B1CC0}"
EndProject
Project("{FAE04EC0-301F-11D3-BF4B-00C04F79EFBC}") = "Suplanus.Sepla.Test", "Suplanus.Sepla.Test\Suplanus.Sepla.Test.csproj", "{4A404B6B-99C1-4A86-8696-3F82BB56479C}"
EndProject
Project("{2150E333-8FDC-42A3-9474-1A3956D46DE8}") = "Examples", "Examples", "{C2ED80FB-AD22-4E14-AB7E-97B8146F584D}"
EndProject
Project("{FAE04EC0-301F-11D3-BF4B-00C04F79EFBC}") = "Preview", "Preview\Preview.csproj", "{48D8A972-F8FD-4BD9-9D25-4FB21116D79B}"
EndProject
Global
	GlobalSection(SolutionConfigurationPlatforms) = preSolution
		Debug|Any CPU = Debug|Any CPU
		Release|Any CPU = Release|Any CPU
	EndGlobalSection
	GlobalSection(ProjectConfigurationPlatforms) = postSolution
		{A3AC82B1-6EA9-4127-80C8-0E09C49B1CC0}.Debug|Any CPU.ActiveCfg = Debug|Any CPU
		{A3AC82B1-6EA9-4127-80C8-0E09C49B1CC0}.Debug|Any CPU.Build.0 = Debug|Any CPU
		{A3AC82B1-6EA9-4127-80C8-0E09C49B1CC0}.Release|Any CPU.ActiveCfg = Release|Any CPU
		{A3AC82B1-6EA9-4127-80C8-0E09C49B1CC0}.Release|Any CPU.Build.0 = Release|Any CPU
		{4A404B6B-99C1-4A86-8696-3F82BB56479C}.Debug|Any CPU.ActiveCfg = Debug|Any CPU
		{4A404B6B-99C1-4A86-8696-3F82BB56479C}.Debug|Any CPU.Build.0 = Debug|Any CPU
		{4A404B6B-99C1-4A86-8696-3F82BB56479C}.Release|Any CPU.ActiveCfg = Release|Any CPU
		{4A404B6B-99C1-4A86-8696-3F82BB56479C}.Release|Any CPU.Build.0 = Release|Any CPU
		{48D8A972-F8FD-4BD9-9D25-4FB21116D79B}.Debug|Any CPU.ActiveCfg = Debug|Any CPU
		{48D8A972-F8FD-4BD9-9D25-4FB21116D79B}.Debug|Any CPU.Build.0 = Debug|Any CPU
		{48D8A972-F8FD-4BD9-9D25-4FB21116D79B}.Release|Any CPU.ActiveCfg = Release|Any CPU
		{48D8A972-F8FD-4BD9-9D25-4FB21116D79B}.Release|Any CPU.Build.0 = Release|Any CPU
	EndGlobalSection
	GlobalSection(SolutionProperties) = preSolution
		HideSolutionNode = FALSE
	EndGlobalSection
	GlobalSection(NestedProjects) = preSolution
		{48D8A972-F8FD-4BD9-9D25-4FB21116D79B} = {C2ED80FB-AD22-4E14-AB7E-97B8146F584D}
	EndGlobalSection
EndGlobal
