
Microsoft Visual Studio Solution File, Format Version 12.00
# Visual Studio 14
VisualStudioVersion = 14.0.23107.0
MinimumVisualStudioVersion = 10.0.40219.1
Project("{FAE04EC0-301F-11D3-BF4B-00C04F79EFBC}") = "Suplanus.Sepla", "Suplanus.Sepla\Suplanus.Sepla.csproj", "{A3AC82B1-6EA9-4127-80C8-0E09C49B1CC0}"
EndProject
Project("{FAE04EC0-301F-11D3-BF4B-00C04F79EFBC}") = "Suplanus.Sepla.Test", "Suplanus.Sepla.Test\Suplanus.Sepla.Test.csproj", "{4A404B6B-99C1-4A86-8696-3F82BB56479C}"
EndProject
Global
	GlobalSection(SolutionConfigurationPlatforms) = preSolution
		Debug|Any CPU = Debug|Any CPU
		Release|Any CPU = Release|Any CPU
	EndGlobalSection
	GlobalSection(ProjectConfigurationPlatforms) = postSolution
		{A3AC82B1-6EA9-4127-80C8-0E09C49B1CC0}.Debug|Any CPU.ActiveCfg = Debug|Any CPU
		{A3AC82B1-6EA9-4127-80C8-0E09C49B1CC0}.Debug|Any CPU.Build.0 = Debug|Any CPU
		{A3AC82B1-6EA9-4127-80C8-0E09C49B1CC0}.Release|Any CPU.ActiveCfg = Release|Any CPU
		{A3AC82B1-6EA9-4127-80C8-0E09C49B1CC0}.Release|Any CPU.Build.0 = Release|Any CPU
		{4A404B6B-99C1-4A86-8696-3F82BB56479C}.Debug|Any CPU.ActiveCfg = Debug|Any CPU
		{4A404B6B-99C1-4A86-8696-3F82BB56479C}.Debug|Any CPU.Build.0 = Debug|Any CPU
		{4A404B6B-99C1-4A86-8696-3F82BB56479C}.Release|Any CPU.ActiveCfg = Release|Any CPU
		{4A404B6B-99C1-4A86-8696-3F82BB56479C}.Release|Any CPU.Build.0 = Release|Any CPU
	EndGlobalSection
	GlobalSection(SolutionProperties) = preSolution
		HideSolutionNode = FALSE
	EndGlobalSection
EndGlobal
